
Microsoft Visual Studio Solution File, Format Version 12.00
# Visual Studio Version 17
VisualStudioVersion = 17.14.37411.7 d17.14
MinimumVisualStudioVersion = 10.0.40219.1
Project("{FAE04EC0-301F-11D3-BF4B-00C04F79EFBC}") = "Debugging", "Debugging\Debugging.csproj", "{816710CF-E097-493E-B415-8C61B241DBDC}"
EndProject
Global
	GlobalSection(SolutionConfigurationPlatforms) = preSolution
		Debug|Any CPU = Debug|Any CPU
		Release|Any CPU = Release|Any CPU
	EndGlobalSection
	GlobalSection(ProjectConfigurationPlatforms) = postSolution
		{816710CF-E097-493E-B415-8C61B241DBDC}.Debug|Any CPU.ActiveCfg = Debug|Any CPU
		{816710CF-E097-493E-B415-8C61B241DBDC}.Debug|Any CPU.Build.0 = Debug|Any CPU
		{816710CF-E097-493E-B415-8C61B241DBDC}.Release|Any CPU.ActiveCfg = Release|Any CPU
		{816710CF-E097-493E-B415-8C61B241DBDC}.Release|Any CPU.Build.0 = Release|Any CPU
	EndGlobalSection
	GlobalSection(SolutionProperties) = preSolution
		HideSolutionNode = FALSE
	EndGlobalSection
	GlobalSection(ExtensibilityGlobals) = postSolution
		SolutionGuid = {083CD3DF-2A2C-4E82-BC1C-1D9CE3757E8D}
	EndGlobalSection
EndGlobal
